
Microsoft Visual Studio Solution File, Format Version 12.00
# Visual Studio Version 17
VisualStudioVersion = 17.3.32929.385
MinimumVisualStudioVersion = 10.0.40219.1
Project("{9A19103F-16F7-4668-BE54-9A1E7A4F7556}") = "InperSight", "InperSight.csproj", "{10B81FF3-8B60-4A02-A716-068C6A1BF57F}"
EndProject
Project("{9A19103F-16F7-4668-BE54-9A1E7A4F7556}") = "InperCameraDShow", "..\InperCameraDShow\InperCameraDShow\InperCameraDShow.csproj", "{214369F3-0DAC-4A73-8F68-22100CD4510C}"
EndProject
Project("{FAE04EC0-301F-11D3-BF4B-00C04F79EFBC}") = "InperStudioControlLib", "..\InperStudio2.0\InperStudio2.0\InperStudioControlLib\InperStudioControlLib.csproj", "{6168BB6B-9375-4A4D-9049-98408981BD53}"
EndProject
Global
	GlobalSection(SolutionConfigurationPlatforms) = preSolution
		Debug|Any CPU = Debug|Any CPU
		Debug|x64 = Debug|x64
		Release|Any CPU = Release|Any CPU
		Release|x64 = Release|x64
	EndGlobalSection
	GlobalSection(ProjectConfigurationPlatforms) = postSolution
		{10B81FF3-8B60-4A02-A716-068C6A1BF57F}.Debug|Any CPU.ActiveCfg = Debug|Any CPU
		{10B81FF3-8B60-4A02-A716-068C6A1BF57F}.Debug|Any CPU.Build.0 = Debug|Any CPU
		{10B81FF3-8B60-4A02-A716-068C6A1BF57F}.Debug|x64.ActiveCfg = Debug|Any CPU
		{10B81FF3-8B60-4A02-A716-068C6A1BF57F}.Debug|x64.Build.0 = Debug|Any CPU
		{10B81FF3-8B60-4A02-A716-068C6A1BF57F}.Release|Any CPU.ActiveCfg = Release|Any CPU
		{10B81FF3-8B60-4A02-A716-068C6A1BF57F}.Release|Any CPU.Build.0 = Release|Any CPU
		{10B81FF3-8B60-4A02-A716-068C6A1BF57F}.Release|x64.ActiveCfg = Release|Any CPU
		{10B81FF3-8B60-4A02-A716-068C6A1BF57F}.Release|x64.Build.0 = Release|Any CPU
		{214369F3-0DAC-4A73-8F68-22100CD4510C}.Debug|Any CPU.ActiveCfg = Debug|Any CPU
		{214369F3-0DAC-4A73-8F68-22100CD4510C}.Debug|Any CPU.Build.0 = Debug|Any CPU
		{214369F3-0DAC-4A73-8F68-22100CD4510C}.Debug|x64.ActiveCfg = Debug|Any CPU
		{214369F3-0DAC-4A73-8F68-22100CD4510C}.Debug|x64.Build.0 = Debug|Any CPU
		{214369F3-0DAC-4A73-8F68-22100CD4510C}.Release|Any CPU.ActiveCfg = Release|Any CPU
		{214369F3-0DAC-4A73-8F68-22100CD4510C}.Release|Any CPU.Build.0 = Release|Any CPU
		{214369F3-0DAC-4A73-8F68-22100CD4510C}.Release|x64.ActiveCfg = Release|Any CPU
		{214369F3-0DAC-4A73-8F68-22100CD4510C}.Release|x64.Build.0 = Release|Any CPU
		{6168BB6B-9375-4A4D-9049-98408981BD53}.Debug|Any CPU.ActiveCfg = Debug|Any CPU
		{6168BB6B-9375-4A4D-9049-98408981BD53}.Debug|Any CPU.Build.0 = Debug|Any CPU
		{6168BB6B-9375-4A4D-9049-98408981BD53}.Debug|x64.ActiveCfg = Debug|x64
		{6168BB6B-9375-4A4D-9049-98408981BD53}.Debug|x64.Build.0 = Debug|x64
		{6168BB6B-9375-4A4D-9049-98408981BD53}.Release|Any CPU.ActiveCfg = Release|Any CPU
		{6168BB6B-9375-4A4D-9049-98408981BD53}.Release|Any CPU.Build.0 = Release|Any CPU
		{6168BB6B-9375-4A4D-9049-98408981BD53}.Release|x64.ActiveCfg = Release|x64
		{6168BB6B-9375-4A4D-9049-98408981BD53}.Release|x64.Build.0 = Release|x64
	EndGlobalSection
	GlobalSection(SolutionProperties) = preSolution
		HideSolutionNode = FALSE
	EndGlobalSection
	GlobalSection(ExtensibilityGlobals) = postSolution
		SolutionGuid = {3EB2F8A5-84AF-4D73-86DA-BDC32255C599}
	EndGlobalSection
EndGlobal
